Microsoft Visual Studio Solution File, Format Version 12.00
# Visual Studio Version 17
VisualStudioVersion = 17.5.2.0
MinimumVisualStudioVersion = 10.0.40219.1
Project("{FAE04EC0-301F-11D3-BF4B-00C04F79EFBC}") = "devex-dotnet-serverless", "devex-dotnet-serverless.csproj", "{9A39F16E-E86A-2D3C-23CE-C3F6D88ED37B}"
EndProject
Global
	GlobalSection(SolutionConfigurationPlatforms) = preSolution
		Debug|Any CPU = Debug|Any CPU
		Release|Any CPU = Release|Any CPU
	EndGlobalSection
	GlobalSection(ProjectConfigurationPlatforms) = postSolution
		{9A39F16E-E86A-2D3C-23CE-C3F6D88ED37B}.Debug|Any CPU.ActiveCfg = Debug|Any CPU
		{9A39F16E-E86A-2D3C-23CE-C3F6D88ED37B}.Debug|Any CPU.Build.0 = Debug|Any CPU
		{9A39F16E-E86A-2D3C-23CE-C3F6D88ED37B}.Release|Any CPU.ActiveCfg = Release|Any CPU
		{9A39F16E-E86A-2D3C-23CE-C3F6D88ED37B}.Release|Any CPU.Build.0 = Release|Any CPU
	EndGlobalSection
	GlobalSection(SolutionProperties) = preSolution
		HideSolutionNode = FALSE
	EndGlobalSection
	GlobalSection(ExtensibilityGlobals) = postSolution
		SolutionGuid = {002CE190-861A-49A7-8EC8-9753997E45F2}
	EndGlobalSection
EndGlobal
